
Microsoft Visual Studio Solution File, Format Version 12.00
# Visual Studio Version 16
VisualStudioVersion = 16.0.31105.61
MinimumVisualStudioVersion = 10.0.40219.1
Project("{FAE04EC0-301F-11D3-BF4B-00C04F79EFBC}") = "CMG.SensorsBranding", "CMG.SensorsBranding\CMG.SensorsBranding.csproj", "{8D3764AC-E751-4407-A095-7D940C0F2108}"
EndProject
Project("{FAE04EC0-301F-11D3-BF4B-00C04F79EFBC}") = "CMG.SensorsBranding.Test", "CMG.SensorsBranding.Test\CMG.SensorsBranding.Test.csproj", "{1C395A12-454C-40C3-BB34-47EE2E9918EB}"
EndProject
Global
	GlobalSection(SolutionConfigurationPlatforms) = preSolution
		Debug|Any CPU = Debug|Any CPU
		Release|Any CPU = Release|Any CPU
	EndGlobalSection
	GlobalSection(ProjectConfigurationPlatforms) = postSolution
		{8D3764AC-E751-4407-A095-7D940C0F2108}.Debug|Any CPU.ActiveCfg = Debug|Any CPU
		{8D3764AC-E751-4407-A095-7D940C0F2108}.Debug|Any CPU.Build.0 = Debug|Any CPU
		{8D3764AC-E751-4407-A095-7D940C0F2108}.Release|Any CPU.ActiveCfg = Release|Any CPU
		{8D3764AC-E751-4407-A095-7D940C0F2108}.Release|Any CPU.Build.0 = Release|Any CPU
		{1C395A12-454C-40C3-BB34-47EE2E9918EB}.Debug|Any CPU.ActiveCfg = Debug|Any CPU
		{1C395A12-454C-40C3-BB34-47EE2E9918EB}.Debug|Any CPU.Build.0 = Debug|Any CPU
		{1C395A12-454C-40C3-BB34-47EE2E9918EB}.Release|Any CPU.ActiveCfg = Release|Any CPU
		{1C395A12-454C-40C3-BB34-47EE2E9918EB}.Release|Any CPU.Build.0 = Release|Any CPU
	EndGlobalSection
	GlobalSection(SolutionProperties) = preSolution
		HideSolutionNode = FALSE
	EndGlobalSection
	GlobalSection(ExtensibilityGlobals) = postSolution
		SolutionGuid = {58085F74-1A0D-45DC-ABAD-B723F7894EA2}
	EndGlobalSection
EndGlobal
